
Microsoft Visual Studio Solution File, Format Version 12.00
# Visual Studio Version 17
VisualStudioVersion = 17.8.34330.188
MinimumVisualStudioVersion = 10.0.40219.1
Project("{9A19103F-16F7-4668-BE54-9A1E7A4F7556}") = "CarteiraClientes", "CarteiraClientes.csproj", "{99A55F3B-1EF2-474D-BD71-2D0581401A46}"
EndProject
Global
	GlobalSection(SolutionConfigurationPlatforms) = preSolution
		Debug|Any CPU = Debug|Any CPU
		Debug|x64 = Debug|x64
		Release|Any CPU = Release|Any CPU
		Release|x64 = Release|x64
	EndGlobalSection
	GlobalSection(ProjectConfigurationPlatforms) = postSolution
		{99A55F3B-1EF2-474D-BD71-2D0581401A46}.Debug|Any CPU.ActiveCfg = Debug|Any CPU
		{99A55F3B-1EF2-474D-BD71-2D0581401A46}.Debug|Any CPU.Build.0 = Debug|Any CPU
		{99A55F3B-1EF2-474D-BD71-2D0581401A46}.Debug|x64.ActiveCfg = Debug|x64
		{99A55F3B-1EF2-474D-BD71-2D0581401A46}.Debug|x64.Build.0 = Debug|x64
		{99A55F3B-1EF2-474D-BD71-2D0581401A46}.Release|Any CPU.ActiveCfg = Release|Any CPU
		{99A55F3B-1EF2-474D-BD71-2D0581401A46}.Release|Any CPU.Build.0 = Release|Any CPU
		{99A55F3B-1EF2-474D-BD71-2D0581401A46}.Release|x64.ActiveCfg = Release|x64
		{99A55F3B-1EF2-474D-BD71-2D0581401A46}.Release|x64.Build.0 = Release|x64
	EndGlobalSection
	GlobalSection(SolutionProperties) = preSolution
		HideSolutionNode = FALSE
	EndGlobalSection
EndGlobal
