
Microsoft Visual Studio Solution File, Format Version 12.00
Project("{FAE04EC0-301F-11D3-BF4B-00C04F79EFBC}") = "CarteiraClientes", "CarteiraClientes.csproj", "{99A55F3B-1EF2-474D-BD71-2D0581401A46}"
EndProject
Global
	GlobalSection(SolutionConfigurationPlatforms) = preSolution
		Debug|Any CPU = Debug|Any CPU
		Release|Any CPU = Release|Any CPU
	EndGlobalSection
	GlobalSection(ProjectConfigurationPlatforms) = postSolution
		{99A55F3B-1EF2-474D-BD71-2D0581401A46}.Debug|Any CPU.ActiveCfg = Debug|Any CPU
		{99A55F3B-1EF2-474D-BD71-2D0581401A46}.Debug|Any CPU.Build.0 = Debug|Any CPU
		{99A55F3B-1EF2-474D-BD71-2D0581401A46}.Release|Any CPU.ActiveCfg = Release|Any CPU
		{99A55F3B-1EF2-474D-BD71-2D0581401A46}.Release|Any CPU.Build.0 = Release|Any CPU
	EndGlobalSection
EndGlobal
